
Microsoft Visual Studio Solution File, Format Version 12.00
# Visual Studio Version 17
VisualStudioVersion = 17.0.31903.59
MinimumVisualStudioVersion = 10.0.40219.1
Project("{9A19103F-16F7-4668-BE54-9A1E7A4F7556}") = "WindowThumbWall", "WindowThumbWall.csproj", "{368092C2-A45A-4BF9-B5BC-7FA2CDD992A6}"
EndProject
Project("{C7167F0D-BC9F-4E6E-AFE1-012C56B48DB5}") = "WindowThumbWall.Package", "packaging\\WindowThumbWall.Package.wapproj", "{7FAC8C91-1CA9-482D-8069-4246654A8B7A}"
EndProject
Global
	GlobalSection(SolutionConfigurationPlatforms) = preSolution
		Debug|Any CPU = Debug|Any CPU
		Debug|ARM64 = Debug|ARM64
		Debug|x64 = Debug|x64
		Release|Any CPU = Release|Any CPU
		Release|ARM64 = Release|ARM64
		Release|x64 = Release|x64
	EndGlobalSection
	GlobalSection(ProjectConfigurationPlatforms) = postSolution
		{368092C2-A45A-4BF9-B5BC-7FA2CDD992A6}.Debug|Any CPU.ActiveCfg = Debug|Any CPU
		{368092C2-A45A-4BF9-B5BC-7FA2CDD992A6}.Debug|Any CPU.Build.0 = Debug|Any CPU
		{368092C2-A45A-4BF9-B5BC-7FA2CDD992A6}.Debug|ARM64.ActiveCfg = Debug|Any CPU
		{368092C2-A45A-4BF9-B5BC-7FA2CDD992A6}.Debug|ARM64.Build.0 = Debug|Any CPU
		{368092C2-A45A-4BF9-B5BC-7FA2CDD992A6}.Debug|x64.ActiveCfg = Debug|Any CPU
		{368092C2-A45A-4BF9-B5BC-7FA2CDD992A6}.Debug|x64.Build.0 = Debug|Any CPU
		{368092C2-A45A-4BF9-B5BC-7FA2CDD992A6}.Release|Any CPU.ActiveCfg = Release|Any CPU
		{368092C2-A45A-4BF9-B5BC-7FA2CDD992A6}.Release|Any CPU.Build.0 = Release|Any CPU
		{368092C2-A45A-4BF9-B5BC-7FA2CDD992A6}.Release|ARM64.ActiveCfg = Release|Any CPU
		{368092C2-A45A-4BF9-B5BC-7FA2CDD992A6}.Release|ARM64.Build.0 = Release|Any CPU
		{368092C2-A45A-4BF9-B5BC-7FA2CDD992A6}.Release|x64.ActiveCfg = Release|Any CPU
		{368092C2-A45A-4BF9-B5BC-7FA2CDD992A6}.Release|x64.Build.0 = Release|Any CPU
		{7FAC8C91-1CA9-482D-8069-4246654A8B7A}.Debug|Any CPU.ActiveCfg = Debug|x64
		{7FAC8C91-1CA9-482D-8069-4246654A8B7A}.Debug|Any CPU.Build.0 = Debug|x64
		{7FAC8C91-1CA9-482D-8069-4246654A8B7A}.Debug|ARM64.ActiveCfg = Debug|ARM64
		{7FAC8C91-1CA9-482D-8069-4246654A8B7A}.Debug|ARM64.Build.0 = Debug|ARM64
		{7FAC8C91-1CA9-482D-8069-4246654A8B7A}.Debug|x64.ActiveCfg = Debug|x64
		{7FAC8C91-1CA9-482D-8069-4246654A8B7A}.Debug|x64.Build.0 = Debug|x64
		{7FAC8C91-1CA9-482D-8069-4246654A8B7A}.Release|Any CPU.ActiveCfg = Release|x64
		{7FAC8C91-1CA9-482D-8069-4246654A8B7A}.Release|Any CPU.Build.0 = Release|x64
		{7FAC8C91-1CA9-482D-8069-4246654A8B7A}.Release|ARM64.ActiveCfg = Release|ARM64
		{7FAC8C91-1CA9-482D-8069-4246654A8B7A}.Release|ARM64.Build.0 = Release|ARM64
		{7FAC8C91-1CA9-482D-8069-4246654A8B7A}.Release|x64.ActiveCfg = Release|x64
		{7FAC8C91-1CA9-482D-8069-4246654A8B7A}.Release|x64.Build.0 = Release|x64
	EndGlobalSection
	GlobalSection(SolutionProperties) = preSolution
		HideSolutionNode = FALSE
	EndGlobalSection
EndGlobal
